
Microsoft Visual Studio Solution File, Format Version 12.00
# Visual Studio Version 17
VisualStudioVersion = 17.7.34221.43
MinimumVisualStudioVersion = 10.0.40219.1
Project("{9A19103F-16F7-4668-BE54-9A1E7A4F7556}") = "Blog.Entity", "Blog.Entity\Blog.Entity.csproj", "{2530968C-05D8-4794-8D51-C9C58521BF62}"
EndProject
Project("{9A19103F-16F7-4668-BE54-9A1E7A4F7556}") = "Blog.DataAccess", "Blog.DataAccess\Blog.DataAccess.csproj", "{F3C123A9-7D75-4F40-B883-02426D0A606D}"
EndProject
Project("{9A19103F-16F7-4668-BE54-9A1E7A4F7556}") = "Blog.Core", "Blog.Core\Blog.Core.csproj", "{B756365F-0A8E-4FC2-99B5-C8A5425902C9}"
EndProject
Project("{9A19103F-16F7-4668-BE54-9A1E7A4F7556}") = "Blog.Business", "Blog.Business\Blog.Business.csproj", "{9970E8EF-7740-4DD4-A7B2-F4ABC104E7B0}"
EndProject
Project("{FAE04EC0-301F-11D3-BF4B-00C04F79EFBC}") = "Blog.UI", "Blog.UI\Blog.UI.csproj", "{552ED918-8CE2-4224-A5DF-F57B81D35992}"
EndProject
Global
	GlobalSection(SolutionConfigurationPlatforms) = preSolution
		Debug|Any CPU = Debug|Any CPU
		Release|Any CPU = Release|Any CPU
	EndGlobalSection
	GlobalSection(ProjectConfigurationPlatforms) = postSolution
		{2530968C-05D8-4794-8D51-C9C58521BF62}.Debug|Any CPU.ActiveCfg = Debug|Any CPU
		{2530968C-05D8-4794-8D51-C9C58521BF62}.Debug|Any CPU.Build.0 = Debug|Any CPU
		{2530968C-05D8-4794-8D51-C9C58521BF62}.Release|Any CPU.ActiveCfg = Release|Any CPU
		{2530968C-05D8-4794-8D51-C9C58521BF62}.Release|Any CPU.Build.0 = Release|Any CPU
		{F3C123A9-7D75-4F40-B883-02426D0A606D}.Debug|Any CPU.ActiveCfg = Debug|Any CPU
		{F3C123A9-7D75-4F40-B883-02426D0A606D}.Debug|Any CPU.Build.0 = Debug|Any CPU
		{F3C123A9-7D75-4F40-B883-02426D0A606D}.Release|Any CPU.ActiveCfg = Release|Any CPU
		{F3C123A9-7D75-4F40-B883-02426D0A606D}.Release|Any CPU.Build.0 = Release|Any CPU
		{B756365F-0A8E-4FC2-99B5-C8A5425902C9}.Debug|Any CPU.ActiveCfg = Debug|Any CPU
		{B756365F-0A8E-4FC2-99B5-C8A5425902C9}.Debug|Any CPU.Build.0 = Debug|Any CPU
		{B756365F-0A8E-4FC2-99B5-C8A5425902C9}.Release|Any CPU.ActiveCfg = Release|Any CPU
		{B756365F-0A8E-4FC2-99B5-C8A5425902C9}.Release|Any CPU.Build.0 = Release|Any CPU
		{9970E8EF-7740-4DD4-A7B2-F4ABC104E7B0}.Debug|Any CPU.ActiveCfg = Debug|Any CPU
		{9970E8EF-7740-4DD4-A7B2-F4ABC104E7B0}.Debug|Any CPU.Build.0 = Debug|Any CPU
		{9970E8EF-7740-4DD4-A7B2-F4ABC104E7B0}.Release|Any CPU.ActiveCfg = Release|Any CPU
		{9970E8EF-7740-4DD4-A7B2-F4ABC104E7B0}.Release|Any CPU.Build.0 = Release|Any CPU
		{552ED918-8CE2-4224-A5DF-F57B81D35992}.Debug|Any CPU.ActiveCfg = Debug|Any CPU
		{552ED918-8CE2-4224-A5DF-F57B81D35992}.Debug|Any CPU.Build.0 = Debug|Any CPU
		{552ED918-8CE2-4224-A5DF-F57B81D35992}.Release|Any CPU.ActiveCfg = Release|Any CPU
		{552ED918-8CE2-4224-A5DF-F57B81D35992}.Release|Any CPU.Build.0 = Release|Any CPU
	EndGlobalSection
	GlobalSection(SolutionProperties) = preSolution
		HideSolutionNode = FALSE
	EndGlobalSection
	GlobalSection(ExtensibilityGlobals) = postSolution
		SolutionGuid = {B73D2734-81CC-41D1-8B5F-4C057987A6DF}
	EndGlobalSection
EndGlobal
